{
  "nodes": {
    "nixpkgs": {
      "locked": {
        "lastModified": 1636895800,
        "narHash": "sha256-jI3riTCBrg+cvZ1qK+Q1EV/kf5WsAHH5gJk2FDXXwT4=",
        "owner": "NixOS",
        "repo": "nixpkgs",
        "rev": "312a3d0b76a6025e57b6618900a3da7a8e208561",
        "type": "github"
      },
      "original": {
        "owner": "NixOS",
        "repo": "nixpkgs",
        "type": "github"
      }
    },
    "root": {
      "inputs": {
        "nixpkgs": "nixpkgs"
      }
    }
  },
  "root": "root",
  "version": 7
}
